// !$*UTF8*$!
{
	archiveVersion = 1;
	classes = {
	};
	objectVersion = 50;
	objects = {

/* Begin PBXBuildFile section */
		6C4E706CC6F6027652721CD9 /* Pods_APISampleAlmofire.framework in Frameworks */ = {isa = PBXBuildFile; fileRef = E7BA47E183404F1309091203 /* Pods_APISampleAlmofire.framework */; };
		B76976BF21DD9FF3008C4475 /* AppDelegate.swift in Sources */ = {isa = PBXBuildFile; fileRef = B76976BE21DD9FF3008C4475 /* AppDelegate.swift */; };
		B76976C121DD9FF3008C4475 /* ViewController.swift in Sources */ = {isa = PBXBuildFile; fileRef = B76976C021DD9FF3008C4475 /* ViewController.swift */; };
		B76976C421DD9FF3008C4475 /* Main.storyboard in Resources */ = {isa = PBXBuildFile; fileRef = B76976C221DD9FF3008C4475 /* Main.storyboard */; };
		B76976C621DD9FFC008C4475 /* Assets.xcassets in Resources */ = {isa = PBXBuildFile; fileRef = B76976C521DD9FFC008C4475 /* Assets.xcassets */; };
		B76976C921DD9FFC008C4475 /* LaunchScreen.storyboard in Resources */ = {isa = PBXBuildFile; fileRef = B76976C721DD9FFC008C4475 /* LaunchScreen.storyboard */; };
/* End PBXBuildFile section */

/* Begin PBXFileReference section */
		6877E8FF455CFA1545AF3D3E /* Pods-APISampleAlmofire.release.xcconfig */ = {isa = PBXFileReference; includeInIndex = 1; lastKnownFileType = text.xcconfig; name = "Pods-APISampleAlmofire.release.xcconfig"; path = "Pods/Target Support Files/Pods-APISampleAlmofire/Pods-APISampleAlmofire.release.xcconfig"; sourceTree = "<group>"; };
		B76976BB21DD9FF3008C4475 /* APISampleAlmofire.app */ = {isa = PBXFileReference; explicitFileType = wrapper.application; includeInIndex = 0; path = APISampleAlmofire.app; sourceTree = BUILT_PRODUCTS_DIR; };
		B76976BE21DD9FF3008C4475 /* AppDelegate.swift */ = {isa = PBXFileReference; lastKnownFileType = sourcecode.swift; path = AppDelegate.swift; sourceTree = "<group>"; };
		B76976C021DD9FF3008C4475 /* ViewController.swift */ = {isa = PBXFileReference; lastKnownFileType = sourcecode.swift; path = ViewController.swift; sourceTree = "<group>"; };
		B76976C321DD9FF3008C4475 /* Base */ = {isa = PBXFileReference; lastKnownFileType = file.storyboard; name = Base; path = Base.lproj/Main.storyboard; sourceTree = "<group>"; };
		B76976C521DD9FFC008C4475 /* Assets.xcassets */ = {isa = PBXFileReference; lastKnownFileType = folder.assetcatalog; path = Assets.xcassets; sourceTree = "<group>"; };
		B76976C821DD9FFC008C4475 /* Base */ = {isa = PBXFileReference; lastKnownFileType = file.storyboard; name = Base; path = Base.lproj/LaunchScreen.storyboard; sourceTree = "<group>"; };
		B76976CA21DD9FFC008C4475 /* Info.plist */ = {isa = PBXFileReference; lastKnownFileType = text.plist.xml; path = Info.plist; sourceTree = "<group>"; };
		D5C2B3076A2B661750750D36 /* Pods-APISampleAlmofire.debug.xcconfig */ = {isa = PBXFileReference; includeInIndex = 1; lastKnownFileType = text.xcconfig; name = "Pods-APISampleAlmofire.debug.xcconfig"; path = "Pods/Target Support Files/Pods-APISampleAlmofire/Pods-APISampleAlmofire.debug.xcconfig"; sourceTree = "<group>"; };
		E7BA47E183404F1309091203 /* Pods_APISampleAlmofire.framework */ = {isa = PBXFileReference; explicitFileType = wrapper.framework; includeInIndex = 0; path = Pods_APISampleAlmofire.framework; sourceTree = BUILT_PRODUCTS_DIR; };
/* End PBXFileReference section */

/* Begin PBXFrameworksBuildPhase section */
		B76976B821DD9FF3008C4475 /* Frameworks */ = {
			isa = PBXFrameworksBuildPhase;
			buildActionMask = 2147483647;
			files = (
				6C4E706CC6F6027652721CD9 /* Pods_APISampleAlmofire.framework in Frameworks */,
			);
			runOnlyForDeploymentPostprocessing = 0;
		};
/* End PBXFrameworksBuildPhase section */

/* Begin PBXGroup section */
		3BB9FF992FD30B222EEEE8B5 /* Frameworks */ = {
			isa = PBXGroup;
			children = (
				E7BA47E183404F1309091203 /* Pods_APISampleAlmofire.framework */,
			);
			name = Frameworks;
			sourceTree = "<group>";
		};
		B76976B221DD9FF3008C4475 = {
			isa = PBXGroup;
			children = (
				B76976BD21DD9FF3008C4475 /* APISampleAlmofire */,
				B76976BC21DD9FF3008C4475 /* Products */,
				CBEEC111DCCCFC19BE5BE30C /* Pods */,
				3BB9FF992FD30B222EEEE8B5 /* Frameworks */,
			);
			sourceTree = "<group>";
		};
		B76976BC21DD9FF3008C4475 /* Products */ = {
			isa = PBXGroup;
			children = (
				B76976BB21DD9FF3008C4475 /* APISampleAlmofire.app */,
			);
			name = Products;
			sourceTree = "<group>";
		};
		B76976BD21DD9FF3008C4475 /* APISampleAlmofire */ = {
			isa = PBXGroup;
			children = (
				B76976BE21DD9FF3008C4475 /* AppDelegate.swift */,
				B76976C021DD9FF3008C4475 /* ViewController.swift */,
				B76976C221DD9FF3008C4475 /* Main.storyboard */,
				B76976C521DD9FFC008C4475 /* Assets.xcassets */,
				B76976C721DD9FFC008C4475 /* LaunchScreen.storyboard */,
				B76976CA21DD9FFC008C4475 /* Info.plist */,
			);
			path = APISampleAlmofire;
			sourceTree = "<group>";
		};
		CBEEC111DCCCFC19BE5BE30C /* Pods */ = {
			isa = PBXGroup;
			children = (
				D5C2B3076A2B661750750D36 /* Pods-APISampleAlmofire.debug.xcconfig */,
				6877E8FF455CFA1545AF3D3E /* Pods-APISampleAlmofire.release.xcconfig */,
			);
			name = Pods;
			sourceTree = "<group>";
		};
/* End PBXGroup section */

/* Begin PBXNativeTarget section */
		B76976BA21DD9FF3008C4475 /* APISampleAlmofire */ = {
			isa = PBXNativeTarget;
			buildConfigurationList = B76976CD21DD9FFC008C4475 /* Build configuration list for PBXNativeTarget "APISampleAlmofire" */;
			buildPhases = (
				8EA0627A43AC586B0240498F /* [CP] Check Pods Manifest.lock */,
				B76976B721DD9FF3008C4475 /* Sources */,
				B76976B821DD9FF3008C4475 /* Frameworks */,
				B76976B921DD9FF3008C4475 /* Resources */,
				B1EE262C77C6F502D6CF1829 /* [CP] Embed Pods Frameworks */,
			);
			buildRules = (
			);
			dependencies = (
			);
			name = APISampleAlmofire;
			productName = APISampleAlmofire;
			productReference = B76976BB21DD9FF3008C4475 /* APISampleAlmofire.app */;
			productType = "com.apple.product-type.application";
		};
/* End PBXNativeTarget section */

/* Begin PBXProject section */
		B76976B321DD9FF3008C4475 /* Project object */ = {
			isa = PBXProject;
			attributes = {
				LastSwiftUpdateCheck = 1010;
				LastUpgradeCheck = 1010;
				ORGANIZATIONNAME = "Togami Yuki";
				TargetAttributes = {
					B76976BA21DD9FF3008C4475 = {
						CreatedOnToolsVersion = 10.1;
					};
				};
			};
			buildConfigurationList = B76976B621DD9FF3008C4475 /* Build configuration list for PBXProject "APISampleAlmofire" */;
			compatibilityVersion = "Xcode 9.3";
			developmentRegion = en;
			hasScannedForEncodings = 0;
			knownRegions = (
				en,
				Base,
			);
			mainGroup = B76976B221DD9FF3008C4475;
			productRefGroup = B76976BC21DD9FF3008C4475 /* Products */;
			projectDirPath = "";
			projectRoot = "";
			targets = (
				B76976BA21DD9FF3008C4475 /* APISampleAlmofire */,
			);
		};
/* End PBXProject section */

/* Begin PBXResourcesBuildPhase section */
		B76976B921DD9FF3008C4475 /* Resources */ = {
			isa = PBXResourcesBuildPhase;
			buildActionMask = 2147483647;
			files = (
				B76976C921DD9FFC008C4475 /* LaunchScreen.storyboard in Resources */,
				B76976C621DD9FFC008C4475 /* Assets.xcassets in Resources */,
				B76976C421DD9FF3008C4475 /* Main.storyboard in Resources */,
			);
			runOnlyForDeploymentPostprocessing = 0;
		};
/* End PBXResourcesBuildPhase section */

/* Begin PBXShellScriptBuildPhase section */
		8EA0627A43AC586B0240498F /* [CP] Check Pods Manifest.lock */ = {
			isa = PBXShellScriptBuildPhase;
			buildActionMask = 2147483647;
			files = (
			);
			inputFileListPaths = (
			);
			inputPaths = (
				"${PODS_PODFILE_DIR_PATH}/Podfile.lock",
				"${PODS_ROOT}/Manifest.lock",
			);
			name = "[CP] Check Pods Manifest.lock";
			outputFileListPaths = (
			);
			outputPaths = (
				"$(DERIVED_FILE_DIR)/Pods-APISampleAlmofire-checkManifestLockResult.txt",
			);
			runOnlyForDeploymentPostprocessing = 0;
			shellPath = /bin/sh;
			shellScript = "diff \"${PODS_PODFILE_DIR_PATH}/Podfile.lock\" \"${PODS_ROOT}/Manifest.lock\" > /dev/null\nif [ $? != 0 ] ; then\n    # print error to STDERR\n    echo \"error: The sandbox is not in sync with the Podfile.lock. Run 'pod install' or update your CocoaPods installation.\" >&2\n    exit 1\nfi\n# This output is used by Xcode 'outputs' to avoid re-running this script phase.\necho \"SUCCESS\" > \"${SCRIPT_OUTPUT_FILE_0}\"\n";
			showEnvVarsInLog = 0;
		};
		B1EE262C77C6F502D6CF1829 /* [CP] Embed Pods Frameworks */ = {
			isa = PBXShellScriptBuildPhase;
			buildActionMask = 2147483647;
			files = (
			);
			inputFileListPaths = (
			);
			inputPaths = (
				"${SRCROOT}/Pods/Target Support Files/Pods-APISampleAlmofire/Pods-APISampleAlmofire-frameworks.sh",
				"${BUILT_PRODUCTS_DIR}/Alamofire/Alamofire.framework",
				"${BUILT_PRODUCTS_DIR}/SwiftyJSON/SwiftyJSON.framework",
			);
			name = "[CP] Embed Pods Frameworks";
			outputFileListPaths = (
			);
			outputPaths = (
				"${TARGET_BUILD_DIR}/${FRAMEWORKS_FOLDER_PATH}/Alamofire.framework",
				"${TARGET_BUILD_DIR}/${FRAMEWORKS_FOLDER_PATH}/SwiftyJSON.framework",
			);
			runOnlyForDeploymentPostprocessing = 0;
			shellPath = /bin/sh;
			shellScript = "\"${SRCROOT}/Pods/Target Support Files/Pods-APISampleAlmofire/Pods-APISampleAlmofire-frameworks.sh\"\n";
			showEnvVarsInLog = 0;
		};
/* End PBXShellScriptBuildPhase section */

/* Begin PBXSourcesBuildPhase section */
		B76976B721DD9FF3008C4475 /* Sources */ = {
			isa = PBXSourcesBuildPhase;
			buildActionMask = 2147483647;
			files = (
				B76976C121DD9FF3008C4475 /* ViewController.swift in Sources */,
				B76976BF21DD9FF3008C4475 /* AppDelegate.swift in Sources */,
			);
			runOnlyForDeploymentPostprocessing = 0;
		};
/* End PBXSourcesBuildPhase section */

/* Begin PBXVariantGroup section */
		B76976C221DD9FF3008C4475 /* Main.storyboard */ = {
			isa = PBXVariantGroup;
			children = (
				B76976C321DD9FF3008C4475 /* Base */,
			);
			name = Main.storyboard;
			sourceTree = "<group>";
		};
		B76976C721DD9FFC008C4475 /* LaunchScreen.storyboard */ = {
			isa = PBXVariantGroup;
			children = (
				B76976C821DD9FFC008C4475 /* Base */,
			);
			name = LaunchScreen.storyboard;
			sourceTree = "<group>";
		};
/* End PBXVariantGroup section */

/* Begin XCBuildConfiguration section */
		B76976CB21DD9FFC008C4475 /* Debug */ = {
			isa = XCBuildConfiguration;
			buildSettings = {
				ALWAYS_SEARCH_USER_PATHS = NO;
				CLANG_ANALYZER_NONNULL = YES;
				CLANG_ANALYZER_NUMBER_OBJECT_CONVERSION = YES_AGGRESSIVE;
				CLANG_CXX_LANGUAGE_STANDARD = "gnu++14";
				CLANG_CXX_LIBRARY = "libc++";
				CLANG_ENABLE_MODULES = YES;
				CLANG_ENABLE_OBJC_ARC = YES;
				CLANG_ENABLE_OBJC_WEAK = YES;
				CLANG_WARN_BLOCK_CAPTURE_AUTORELEASING = YES;
				CLANG_WARN_BOOL_CONVERSION = YES;
				CLANG_WARN_COMMA = YES;
				CLANG_WARN_CONSTANT_CONVERSION = YES;
				CLANG_WARN_DEPRECATED_OBJC_IMPLEMENTATIONS = YES;
				CLANG_WARN_DIRECT_OBJC_ISA_USAGE = YES_ERROR;
				CLANG_WARN_DOCUMENTATION_COMMENTS = YES;
				CLANG_WARN_EMPTY_BODY = YES;
				CLANG_WARN_ENUM_CONVERSION = YES;
				CLANG_WARN_INFINITE_RECURSION = YES;
				CLANG_WARN_INT_CONVERSION = YES;
				CLANG_WARN_NON_LITERAL_NULL_CONVERSION = YES;
				CLANG_WARN_OBJC_IMPLICIT_RETAIN_SELF = YES;
				CLANG_WARN_OBJC_LITERAL_CONVERSION = YES;
				CLANG_WARN_OBJC_ROOT_CLASS = YES_ERROR;
				CLANG_WARN_RANGE_LOOP_ANALYSIS = YES;
				CLANG_WARN_STRICT_PROTOTYPES = YES;
				CLANG_WARN_SUSPICIOUS_MOVE = YES;
				CLANG_WARN_UNGUARDED_AVAILABILITY = YES_AGGRESSIVE;
				CLANG_WARN_UNREACHABLE_CODE = YES;
				CLANG_WARN__DUPLICATE_METHOD_MATCH = YES;
				CODE_SIGN_IDENTITY = "iPhone Developer";
				COPY_PHASE_STRIP = NO;
				DEBUG_INFORMATION_FORMAT = dwarf;
				ENABLE_STRICT_OBJC_MSGSEND = YES;
				ENABLE_TESTABILITY = YES;
				GCC_C_LANGUAGE_STANDARD = gnu11;
				GCC_DYNAMIC_NO_PIC = NO;
				GCC_NO_COMMON_BLOCKS = YES;
				GCC_OPTIMIZATION_LEVEL = 0;
				GCC_PREPROCESSOR_DEFINITIONS = (
					"DEBUG=1",
					"$(inherited)",
				);
				GCC_WARN_64_TO_32_BIT_CONVERSION = YES;
				GCC_WARN_ABOUT_RETURN_TYPE = YES_ERROR;
				GCC_WARN_UNDECLARED_SELECTOR = YES;
				GCC_WARN_UNINITIALIZED_AUTOS = YES_AGGRESSIVE;
				GCC_WARN_UNUSED_FUNCTION = YES;
				GCC_WARN_UNUSED_VARIABLE = YES;
				IPHONEOS_DEPLOYMENT_TARGET = 12.1;
				MTL_ENABLE_DEBUG_INFO = INCLUDE_SOURCE;
				MTL_FAST_MATH = YES;
				ONLY_ACTIVE_ARCH = YES;
				SDKROOT = iphoneos;
				SWIFT_ACTIVE_COMPILATION_CONDITIONS = DEBUG;
				SWIFT_OPTIMIZATION_LEVEL = "-Onone";
			};
			name = Debug;
		};
		B76976CC21DD9FFC008C4475 /* Release */ = {
			isa = XCBuildConfiguration;
			buildSettings = {
				ALWAYS_SEARCH_USER_PATHS = NO;
				CLANG_ANALYZER_NONNULL = YES;
				CLANG_ANALYZER_NUMBER_OBJECT_CONVERSION = YES_AGGRESSIVE;
				CLANG_CXX_LANGUAGE_STANDARD = "gnu++14";
				CLANG_CXX_LIBRARY = "libc++";
				CLANG_ENABLE_MODULES = YES;
				CLANG_ENABLE_OBJC_ARC = YES;
				CLANG_ENABLE_OBJC_WEAK = YES;
				CLANG_WARN_BLOCK_CAPTURE_AUTORELEASING = YES;
				CLANG_WARN_BOOL_CONVERSION = YES;
				CLANG_WARN_COMMA = YES;
				CLANG_WARN_CONSTANT_CONVERSION = YES;
				CLANG_WARN_DEPRECATED_OBJC_IMPLEMENTATIONS = YES;
				CLANG_WARN_DIRECT_OBJC_ISA_USAGE = YES_ERROR;
				CLANG_WARN_DOCUMENTATION_COMMENTS = YES;
				CLANG_WARN_EMPTY_BODY = YES;
				CLANG_WARN_ENUM_CONVERSION = YES;
				CLANG_WARN_INFINITE_RECURSION = YES;
				CLANG_WARN_INT_CONVERSION = YES;
				CLANG_WARN_NON_LITERAL_NULL_CONVERSION = YES;
				CLANG_WARN_OBJC_IMPLICIT_RETAIN_SELF = YES;
				CLANG_WARN_OBJC_LITERAL_CONVERSION = YES;
				CLANG_WARN_OBJC_ROOT_CLASS = YES_ERROR;
				CLANG_WARN_RANGE_LOOP_ANALYSIS = YES;
				CLANG_WARN_STRICT_PROTOTYPES = YES;
				CLANG_WARN_SUSPICIOUS_MOVE = YES;
				CLANG_WARN_UNGUARDED_AVAILABILITY = YES_AGGRESSIVE;
				CLANG_WARN_UNREACHABLE_CODE = YES;
				CLANG_WARN__DUPLICATE_METHOD_MATCH = YES;
				CODE_SIGN_IDENTITY = "iPhone Developer";
				COPY_PHASE_STRIP = NO;
				DEBUG_INFORMATION_FORMAT = "dwarf-with-dsym";
				ENABLE_NS_ASSERTIONS = NO;
				ENABLE_STRICT_OBJC_MSGSEND = YES;
				GCC_C_LANGUAGE_STANDARD = gnu11;
				GCC_NO_COMMON_BLOCKS = YES;
				GCC_WARN_64_TO_32_BIT_CONVERSION = YES;
				GCC_WARN_ABOUT_RETURN_TYPE = YES_ERROR;
				GCC_WARN_UNDECLARED_SELECTOR = YES;
				GCC_WARN_UNINITIALIZED_AUTOS = YES_AGGRESSIVE;
				GCC_WARN_UNUSED_FUNCTION = YES;
				GCC_WARN_UNUSED_VARIABLE = YES;
				IPHONEOS_DEPLOYMENT_TARGET = 12.1;
				MTL_ENABLE_DEBUG_INFO = NO;
				MTL_FAST_MATH = YES;
				SDKROOT = iphoneos;
				SWIFT_COMPILATION_MODE = wholemodule;
				SWIFT_OPTIMIZATION_LEVEL = "-O";
				VALIDATE_PRODUCT = YES;
			};
			name = Release;
		};
		B76976CE21DD9FFC008C4475 /* Debug */ = {
			isa = XCBuildConfiguration;
			baseConfigurationReference = D5C2B3076A2B661750750D36 /* Pods-APISampleAlmofire.debug.xcconfig */;
			buildSettings = {
				ASSETCATALOG_COMPILER_APPICON_NAME = AppIcon;
				CODE_SIGN_STYLE = Automatic;
				DEVELOPMENT_TEAM = 3647679NTF;
				INFOPLIST_FILE = APISampleAlmofire/Info.plist;
				LD_RUNPATH_SEARCH_PATHS = (
					"$(inherited)",
					"@executable_path/Frameworks",
				);
				PRODUCT_BUNDLE_IDENTIFIER = togaminnnn.APISampleAlmofire;
				PRODUCT_NAME = "$(TARGET_NAME)";
				SWIFT_VERSION = 4.2;
				TARGETED_DEVICE_FAMILY = "1,2";
			};
			name = Debug;
		};
		B76976CF21DD9FFC008C4475 /* Release */ = {
			isa = XCBuildConfiguration;
			baseConfigurationReference = 6877E8FF455CFA1545AF3D3E /* Pods-APISampleAlmofire.release.xcconfig */;
			buildSettings = {
				ASSETCATALOG_COMPILER_APPICON_NAME = AppIcon;
				CODE_SIGN_STYLE = Automatic;
				DEVELOPMENT_TEAM = 3647679NTF;
				INFOPLIST_FILE = APISampleAlmofire/Info.plist;
				LD_RUNPATH_SEARCH_PATHS = (
					"$(inherited)",
					"@executable_path/Frameworks",
				);
				PRODUCT_BUNDLE_IDENTIFIER = togaminnnn.APISampleAlmofire;
				PRODUCT_NAME = "$(TARGET_NAME)";
				SWIFT_VERSION = 4.2;
				TARGETED_DEVICE_FAMILY = "1,2";
			};
			name = Release;
		};
/* End XCBuildConfiguration section */

/* Begin XCConfigurationList section */
		B76976B621DD9FF3008C4475 /* Build configuration list for PBXProject "APISampleAlmofire" */ = {
			isa = XCConfigurationList;
			buildConfigurations = (
				B76976CB21DD9FFC008C4475 /* Debug */,
				B76976CC21DD9FFC008C4475 /* Release */,
			);
			defaultConfigurationIsVisible = 0;
			defaultConfigurationName = Release;
		};
		B76976CD21DD9FFC008C4475 /* Build configuration list for PBXNativeTarget "APISampleAlmofire" */ = {
			isa = XCConfigurationList;
			buildConfigurations = (
				B76976CE21DD9FFC008C4475 /* Debug */,
				B76976CF21DD9FFC008C4475 /* Release */,
			);
			defaultConfigurationIsVisible = 0;
			defaultConfigurationName = Release;
		};
/* End XCConfigurationList section */
	};
	rootObject = B76976B321DD9FF3008C4475 /* Project object */;
}
